
Microsoft Visual Studio Solution File, Format Version 12.00
# Visual Studio Version 16
VisualStudioVersion = 16.0.30104.148
MinimumVisualStudioVersion = 10.0.40219.1
Project("{FAE04EC0-301F-11D3-BF4B-00C04F79EFBC}") = "CrystalOS", "CrystalOS\CrystalOS.csproj", "{A33088AC-F543-48A7-88F8-25AE5086B613}"
EndProject
Global
	GlobalSection(SolutionConfigurationPlatforms) = preSolution
		Debug|Any CPU = Debug|Any CPU
		Release|Any CPU = Release|Any CPU
	EndGlobalSection
	GlobalSection(ProjectConfigurationPlatforms) = postSolution
		{A33088AC-F543-48A7-88F8-25AE5086B613}.Debug|Any CPU.ActiveCfg = Debug|Any CPU
		{A33088AC-F543-48A7-88F8-25AE5086B613}.Debug|Any CPU.Build.0 = Debug|Any CPU
		{A33088AC-F543-48A7-88F8-25AE5086B613}.Release|Any CPU.ActiveCfg = Release|Any CPU
		{A33088AC-F543-48A7-88F8-25AE5086B613}.Release|Any CPU.Build.0 = Release|Any CPU
	EndGlobalSection
	GlobalSection(SolutionProperties) = preSolution
		HideSolutionNode = FALSE
	EndGlobalSection
	GlobalSection(ExtensibilityGlobals) = postSolution
		SolutionGuid = {3B9C3761-8429-48DA-97EE-B212C004F86A}
	EndGlobalSection
EndGlobal
